
Microsoft Visual Studio Solution File, Format Version 12.00
# Visual Studio Version 17
VisualStudioVersion = 17.8.34511.84
MinimumVisualStudioVersion = 10.0.40219.1
Project("{9A19103F-16F7-4668-BE54-9A1E7A4F7556}") = "Ecommerce", "Ecommerce\Ecommerce.csproj", "{3C5A2638-AD7E-4A49-9613-260039339185}"
EndProject
Project("{2150E333-8FDC-42A3-9474-1A3956D46DE8}") = "Solution Items", "Solution Items", "{9CA7D682-F6D6-4962-B5F9-252F0BD5F878}"
	ProjectSection(SolutionItems) = preProject
		.editorconfig = .editorconfig
	EndProjectSection
EndProject
Global
	GlobalSection(SolutionConfigurationPlatforms) = preSolution
		Debug|Any CPU = Debug|Any CPU
		Release|Any CPU = Release|Any CPU
	EndGlobalSection
	GlobalSection(ProjectConfigurationPlatforms) = postSolution
		{3C5A2638-AD7E-4A49-9613-260039339185}.Debug|Any CPU.ActiveCfg = Debug|Any CPU
		{3C5A2638-AD7E-4A49-9613-260039339185}.Debug|Any CPU.Build.0 = Debug|Any CPU
		{3C5A2638-AD7E-4A49-9613-260039339185}.Release|Any CPU.ActiveCfg = Release|Any CPU
		{3C5A2638-AD7E-4A49-9613-260039339185}.Release|Any CPU.Build.0 = Release|Any CPU
	EndGlobalSection
	GlobalSection(SolutionProperties) = preSolution
		HideSolutionNode = FALSE
	EndGlobalSection
	GlobalSection(ExtensibilityGlobals) = postSolution
		SolutionGuid = {C0E056CF-0A51-45AA-A564-33F6DDFCCA66}
	EndGlobalSection
EndGlobal
